
Microsoft Visual Studio Solution File, Format Version 12.00
# Visual Studio Version 17
VisualStudioVersion = 17.14.36623.8 d17.14
MinimumVisualStudioVersion = 10.0.40219.1
Project("{FAE04EC0-301F-11D3-BF4B-00C04F79EFBC}") = "bankszamla_projekt", "bankszamla_projekt\bankszamla_projekt.csproj", "{59BCC13D-78C7-4FE9-9082-CB106B3854E6}"
EndProject
Global
	GlobalSection(SolutionConfigurationPlatforms) = preSolution
		Debug|Any CPU = Debug|Any CPU
		Release|Any CPU = Release|Any CPU
	EndGlobalSection
	GlobalSection(ProjectConfigurationPlatforms) = postSolution
		{59BCC13D-78C7-4FE9-9082-CB106B3854E6}.Debug|Any CPU.ActiveCfg = Debug|Any CPU
		{59BCC13D-78C7-4FE9-9082-CB106B3854E6}.Debug|Any CPU.Build.0 = Debug|Any CPU
		{59BCC13D-78C7-4FE9-9082-CB106B3854E6}.Release|Any CPU.ActiveCfg = Release|Any CPU
		{59BCC13D-78C7-4FE9-9082-CB106B3854E6}.Release|Any CPU.Build.0 = Release|Any CPU
	EndGlobalSection
	GlobalSection(SolutionProperties) = preSolution
		HideSolutionNode = FALSE
	EndGlobalSection
	GlobalSection(ExtensibilityGlobals) = postSolution
		SolutionGuid = {C30E8C84-7420-4AAF-B037-D85C1D9BC6B3}
	EndGlobalSection
EndGlobal
